{"version":4,"terraform_version":"1.10.6","serial":6,"lineage":"dc7542b5-bb4e-89e3-5369-dc810b6d0b0b","outputs":{},"resources":[{"mode":"managed","type":"aws_ecs_cluster","name":"n7m-ecs-cluster","provider":"provider[\"registry.opentofu.org/hashicorp/aws\"]","instances":[{"schema_version":0,"attributes":{"arn":"arn:aws:ecs:eu-west-1:191048514659:cluster/n7m-ecs-cluster","configuration":[],"id":"arn:aws:ecs:eu-west-1:191048514659:cluster/n7m-ecs-cluster","name":"n7m-ecs-cluster","region":"eu-west-1","service_connect_defaults":[],"setting":[{"name":"containerInsights","value":"disabled"}],"tags":null,"tags_all":{}},"sensitive_attributes":[],"private":"bnVsbA=="}]},{"mode":"managed","type":"aws_efs_file_system","name":"n7m_data","provider":"provider[\"registry.opentofu.org/hashicorp/aws\"]","instances":[{"schema_version":0,"attributes":{"arn":"arn:aws:elasticfilesystem:eu-west-1:191048514659:file-system/fs-0d3254f31780a244f","availability_zone_id":"","availability_zone_name":"","creation_token":"terraform-20251106095226314200000001","dns_name":"fs-0d3254f31780a244f.efs.eu-west-1.amazonaws.com","encrypted":false,"id":"fs-0d3254f31780a244f","kms_key_id":"","lifecycle_policy":[{"transition_to_archive":"","transition_to_ia":"AFTER_7_DAYS","transition_to_primary_storage_class":""}],"name":"","number_of_mount_targets":0,"owner_id":"191048514659","performance_mode":"generalPurpose","protection":[{"replication_overwrite":"ENABLED"}],"provisioned_throughput_in_mibps":0,"region":"eu-west-1","size_in_bytes":[{"value":6144,"value_in_ia":0,"value_in_standard":6144}],"tags":null,"tags_all":{},"throughput_mode":"bursting"},"sensitive_attributes":[],"private":"bnVsbA=="}]}],"check_results":null}
